
Microsoft Visual Studio Solution File, Format Version 12.00
# Visual Studio 15
VisualStudioVersion = 15.0.28010.2019
MinimumVisualStudioVersion = 10.0.40219.1
Project("{FAE04EC0-301F-11D3-BF4B-00C04F79EFBC}") = "RegistroUsuarios.Android", "RegistroUsuarios\RegistroUsuarios.Android\RegistroUsuarios.Android.csproj", "{1109522F-3849-4A99-A0B8-CD75FC448602}"
EndProject
Project("{FAE04EC0-301F-11D3-BF4B-00C04F79EFBC}") = "RegistroUsuarios.iOS", "RegistroUsuarios\RegistroUsuarios.iOS\RegistroUsuarios.iOS.csproj", "{D783A8F0-4884-4EBC-81EF-2352FC7DD732}"
EndProject
Project("{FAE04EC0-301F-11D3-BF4B-00C04F79EFBC}") = "RegistroUsuarios", "RegistroUsuarios\RegistroUsuarios\RegistroUsuarios.csproj", "{99377812-D63A-4DA1-A0D1-4492CDCACE3E}"
EndProject
Global
	GlobalSection(SolutionConfigurationPlatforms) = preSolution
		Ad-Hoc|Any CPU = Ad-Hoc|Any CPU
		Ad-Hoc|iPhone = Ad-Hoc|iPhone
		Ad-Hoc|iPhoneSimulator = Ad-Hoc|iPhoneSimulator
		AppStore|Any CPU = AppStore|Any CPU
		AppStore|iPhone = AppStore|iPhone
		AppStore|iPhoneSimulator = AppStore|iPhoneSimulator
		Debug|Any CPU = Debug|Any CPU
		Debug|iPhone = Debug|iPhone
		Debug|iPhoneSimulator = Debug|iPhoneSimulator
		Release|Any CPU = Release|Any CPU
		Release|iPhone = Release|iPhone
		Release|iPhoneSimulator = Release|iPhoneSimulator
	EndGlobalSection
	GlobalSection(ProjectConfigurationPlatforms) = postSolution
		{1109522F-3849-4A99-A0B8-CD75FC448602}.Ad-Hoc|Any CPU.ActiveCfg = Release|Any CPU
		{1109522F-3849-4A99-A0B8-CD75FC448602}.Ad-Hoc|Any CPU.Build.0 = Release|Any CPU
		{1109522F-3849-4A99-A0B8-CD75FC448602}.Ad-Hoc|Any CPU.Deploy.0 = Release|Any CPU
		{1109522F-3849-4A99-A0B8-CD75FC448602}.Ad-Hoc|iPhone.ActiveCfg = Release|Any CPU
		{1109522F-3849-4A99-A0B8-CD75FC448602}.Ad-Hoc|iPhone.Build.0 = Release|Any CPU
		{1109522F-3849-4A99-A0B8-CD75FC448602}.Ad-Hoc|iPhone.Deploy.0 = Release|Any CPU
		{1109522F-3849-4A99-A0B8-CD75FC448602}.Ad-Hoc|iPhoneSimulator.ActiveCfg = Release|Any CPU
		{1109522F-3849-4A99-A0B8-CD75FC448602}.Ad-Hoc|iPhoneSimulator.Build.0 = Release|Any CPU
		{1109522F-3849-4A99-A0B8-CD75FC448602}.Ad-Hoc|iPhoneSimulator.Deploy.0 = Release|Any CPU
		{1109522F-3849-4A99-A0B8-CD75FC448602}.AppStore|Any CPU.ActiveCfg = Release|Any CPU
		{1109522F-3849-4A99-A0B8-CD75FC448602}.AppStore|Any CPU.Build.0 = Release|Any CPU
		{1109522F-3849-4A99-A0B8-CD75FC448602}.AppStore|Any CPU.Deploy.0 = Release|Any CPU
		{1109522F-3849-4A99-A0B8-CD75FC448602}.AppStore|iPhone.ActiveCfg = Release|Any CPU
		{1109522F-3849-4A99-A0B8-CD75FC448602}.AppStore|iPhone.Build.0 = Release|Any CPU
		{1109522F-3849-4A99-A0B8-CD75FC448602}.AppStore|iPhone.Deploy.0 = Release|Any CPU
		{1109522F-3849-4A99-A0B8-CD75FC448602}.AppStore|iPhoneSimulator.ActiveCfg = Release|Any CPU
		{1109522F-3849-4A99-A0B8-CD75FC448602}.AppStore|iPhoneSimulator.Build.0 = Release|Any CPU
		{1109522F-3849-4A99-A0B8-CD75FC448602}.AppStore|iPhoneSimulator.Deploy.0 = Release|Any CPU
		{1109522F-3849-4A99-A0B8-CD75FC448602}.Debug|Any CPU.ActiveCfg = Debug|Any CPU
		{1109522F-3849-4A99-A0B8-CD75FC448602}.Debug|Any CPU.Build.0 = Debug|Any CPU
		{1109522F-3849-4A99-A0B8-CD75FC448602}.Debug|Any CPU.Deploy.0 = Debug|Any CPU
		{1109522F-3849-4A99-A0B8-CD75FC448602}.Debug|iPhone.ActiveCfg = Debug|Any CPU
		{1109522F-3849-4A99-A0B8-CD75FC448602}.Debug|iPhone.Build.0 = Debug|Any CPU
		{1109522F-3849-4A99-A0B8-CD75FC448602}.Debug|iPhone.Deploy.0 = Debug|Any CPU
		{1109522F-3849-4A99-A0B8-CD75FC448602}.Debug|iPhoneSimulator.ActiveCfg = Debug|Any CPU
		{1109522F-3849-4A99-A0B8-CD75FC448602}.Debug|iPhoneSimulator.Build.0 = Debug|Any CPU
		{1109522F-3849-4A99-A0B8-CD75FC448602}.Debug|iPhoneSimulator.Deploy.0 = Debug|Any CPU
		{1109522F-3849-4A99-A0B8-CD75FC448602}.Release|Any CPU.ActiveCfg = Release|Any CPU
		{1109522F-3849-4A99-A0B8-CD75FC448602}.Release|Any CPU.Build.0 = Release|Any CPU
		{1109522F-3849-4A99-A0B8-CD75FC448602}.Release|Any CPU.Deploy.0 = Release|Any CPU
		{1109522F-3849-4A99-A0B8-CD75FC448602}.Release|iPhone.ActiveCfg = Release|Any CPU
		{1109522F-3849-4A99-A0B8-CD75FC448602}.Release|iPhone.Build.0 = Release|Any CPU
		{1109522F-3849-4A99-A0B8-CD75FC448602}.Release|iPhone.Deploy.0 = Release|Any CPU
		{1109522F-3849-4A99-A0B8-CD75FC448602}.Release|iPhoneSimulator.ActiveCfg = Release|Any CPU
		{1109522F-3849-4A99-A0B8-CD75FC448602}.Release|iPhoneSimulator.Build.0 = Release|Any CPU
		{1109522F-3849-4A99-A0B8-CD75FC448602}.Release|iPhoneSimulator.Deploy.0 = Release|Any CPU
		{D783A8F0-4884-4EBC-81EF-2352FC7DD732}.Ad-Hoc|Any CPU.ActiveCfg = Ad-Hoc|iPhone
		{D783A8F0-4884-4EBC-81EF-2352FC7DD732}.Ad-Hoc|Any CPU.Build.0 = Ad-Hoc|iPhone
		{D783A8F0-4884-4EBC-81EF-2352FC7DD732}.Ad-Hoc|Any CPU.Deploy.0 = Ad-Hoc|iPhone
		{D783A8F0-4884-4EBC-81EF-2352FC7DD732}.Ad-Hoc|iPhone.ActiveCfg = Ad-Hoc|iPhone
		{D783A8F0-4884-4EBC-81EF-2352FC7DD732}.Ad-Hoc|iPhone.Build.0 = Ad-Hoc|iPhone
		{D783A8F0-4884-4EBC-81EF-2352FC7DD732}.Ad-Hoc|iPhone.Deploy.0 = Ad-Hoc|iPhone
		{D783A8F0-4884-4EBC-81EF-2352FC7DD732}.Ad-Hoc|iPhoneSimulator.ActiveCfg = Ad-Hoc|iPhoneSimulator
		{D783A8F0-4884-4EBC-81EF-2352FC7DD732}.Ad-Hoc|iPhoneSimulator.Build.0 = Ad-Hoc|iPhoneSimulator
		{D783A8F0-4884-4EBC-81EF-2352FC7DD732}.Ad-Hoc|iPhoneSimulator.Deploy.0 = Ad-Hoc|iPhoneSimulator
		{D783A8F0-4884-4EBC-81EF-2352FC7DD732}.AppStore|Any CPU.ActiveCfg = AppStore|iPhone
		{D783A8F0-4884-4EBC-81EF-2352FC7DD732}.AppStore|Any CPU.Build.0 = AppStore|iPhone
		{D783A8F0-4884-4EBC-81EF-2352FC7DD732}.AppStore|Any CPU.Deploy.0 = AppStore|iPhone
		{D783A8F0-4884-4EBC-81EF-2352FC7DD732}.AppStore|iPhone.ActiveCfg = AppStore|iPhone
		{D783A8F0-4884-4EBC-81EF-2352FC7DD732}.AppStore|iPhone.Build.0 = AppStore|iPhone
		{D783A8F0-4884-4EBC-81EF-2352FC7DD732}.AppStore|iPhone.Deploy.0 = AppStore|iPhone
		{D783A8F0-4884-4EBC-81EF-2352FC7DD732}.AppStore|iPhoneSimulator.ActiveCfg = AppStore|iPhoneSimulator
		{D783A8F0-4884-4EBC-81EF-2352FC7DD732}.AppStore|iPhoneSimulator.Build.0 = AppStore|iPhoneSimulator
		{D783A8F0-4884-4EBC-81EF-2352FC7DD732}.AppStore|iPhoneSimulator.Deploy.0 = AppStore|iPhoneSimulator
		{D783A8F0-4884-4EBC-81EF-2352FC7DD732}.Debug|Any CPU.ActiveCfg = Debug|iPhoneSimulator
		{D783A8F0-4884-4EBC-81EF-2352FC7DD732}.Debug|Any CPU.Build.0 = Debug|iPhoneSimulator
		{D783A8F0-4884-4EBC-81EF-2352FC7DD732}.Debug|Any CPU.Deploy.0 = Debug|iPhoneSimulator
		{D783A8F0-4884-4EBC-81EF-2352FC7DD732}.Debug|iPhone.ActiveCfg = Debug|iPhone
		{D783A8F0-4884-4EBC-81EF-2352FC7DD732}.Debug|iPhone.Build.0 = Debug|iPhone
		{D783A8F0-4884-4EBC-81EF-2352FC7DD732}.Debug|iPhone.Deploy.0 = Debug|iPhone
		{D783A8F0-4884-4EBC-81EF-2352FC7DD732}.Debug|iPhoneSimulator.ActiveCfg = Debug|iPhoneSimulator
		{D783A8F0-4884-4EBC-81EF-2352FC7DD732}.Debug|iPhoneSimulator.Build.0 = Debug|iPhoneSimulator
		{D783A8F0-4884-4EBC-81EF-2352FC7DD732}.Debug|iPhoneSimulator.Deploy.0 = Debug|iPhoneSimulator
		{D783A8F0-4884-4EBC-81EF-2352FC7DD732}.Release|Any CPU.ActiveCfg = Release|iPhone
		{D783A8F0-4884-4EBC-81EF-2352FC7DD732}.Release|Any CPU.Build.0 = Release|iPhone
		{D783A8F0-4884-4EBC-81EF-2352FC7DD732}.Release|Any CPU.Deploy.0 = Release|iPhone
		{D783A8F0-4884-4EBC-81EF-2352FC7DD732}.Release|iPhone.ActiveCfg = Release|iPhone
		{D783A8F0-4884-4EBC-81EF-2352FC7DD732}.Release|iPhone.Build.0 = Release|iPhone
		{D783A8F0-4884-4EBC-81EF-2352FC7DD732}.Release|iPhone.Deploy.0 = Release|iPhone
		{D783A8F0-4884-4EBC-81EF-2352FC7DD732}.Release|iPhoneSimulator.ActiveCfg = Release|iPhoneSimulator
		{D783A8F0-4884-4EBC-81EF-2352FC7DD732}.Release|iPhoneSimulator.Build.0 = Release|iPhoneSimulator
		{D783A8F0-4884-4EBC-81EF-2352FC7DD732}.Release|iPhoneSimulator.Deploy.0 = Release|iPhoneSimulator
		{99377812-D63A-4DA1-A0D1-4492CDCACE3E}.Ad-Hoc|Any CPU.ActiveCfg = Debug|Any CPU
		{99377812-D63A-4DA1-A0D1-4492CDCACE3E}.Ad-Hoc|Any CPU.Build.0 = Debug|Any CPU
		{99377812-D63A-4DA1-A0D1-4492CDCACE3E}.Ad-Hoc|Any CPU.Deploy.0 = Debug|Any CPU
		{99377812-D63A-4DA1-A0D1-4492CDCACE3E}.Ad-Hoc|iPhone.ActiveCfg = Debug|Any CPU
		{99377812-D63A-4DA1-A0D1-4492CDCACE3E}.Ad-Hoc|iPhone.Build.0 = Debug|Any CPU
		{99377812-D63A-4DA1-A0D1-4492CDCACE3E}.Ad-Hoc|iPhone.Deploy.0 = Debug|Any CPU
		{99377812-D63A-4DA1-A0D1-4492CDCACE3E}.Ad-Hoc|iPhoneSimulator.ActiveCfg = Debug|Any CPU
		{99377812-D63A-4DA1-A0D1-4492CDCACE3E}.Ad-Hoc|iPhoneSimulator.Build.0 = Debug|Any CPU
		{99377812-D63A-4DA1-A0D1-4492CDCACE3E}.Ad-Hoc|iPhoneSimulator.Deploy.0 = Debug|Any CPU
		{99377812-D63A-4DA1-A0D1-4492CDCACE3E}.AppStore|Any CPU.ActiveCfg = Debug|Any CPU
		{99377812-D63A-4DA1-A0D1-4492CDCACE3E}.AppStore|Any CPU.Build.0 = Debug|Any CPU
		{99377812-D63A-4DA1-A0D1-4492CDCACE3E}.AppStore|Any CPU.Deploy.0 = Debug|Any CPU
		{99377812-D63A-4DA1-A0D1-4492CDCACE3E}.AppStore|iPhone.ActiveCfg = Debug|Any CPU
		{99377812-D63A-4DA1-A0D1-4492CDCACE3E}.AppStore|iPhone.Build.0 = Debug|Any CPU
		{99377812-D63A-4DA1-A0D1-4492CDCACE3E}.AppStore|iPhone.Deploy.0 = Debug|Any CPU
		{99377812-D63A-4DA1-A0D1-4492CDCACE3E}.AppStore|iPhoneSimulator.ActiveCfg = Debug|Any CPU
		{99377812-D63A-4DA1-A0D1-4492CDCACE3E}.AppStore|iPhoneSimulator.Build.0 = Debug|Any CPU
		{99377812-D63A-4DA1-A0D1-4492CDCACE3E}.AppStore|iPhoneSimulator.Deploy.0 = Debug|Any CPU
		{99377812-D63A-4DA1-A0D1-4492CDCACE3E}.Debug|Any CPU.ActiveCfg = Debug|Any CPU
		{99377812-D63A-4DA1-A0D1-4492CDCACE3E}.Debug|Any CPU.Build.0 = Debug|Any CPU
		{99377812-D63A-4DA1-A0D1-4492CDCACE3E}.Debug|Any CPU.Deploy.0 = Debug|Any CPU
		{99377812-D63A-4DA1-A0D1-4492CDCACE3E}.Debug|iPhone.ActiveCfg = Debug|Any CPU
		{99377812-D63A-4DA1-A0D1-4492CDCACE3E}.Debug|iPhone.Build.0 = Debug|Any CPU
		{99377812-D63A-4DA1-A0D1-4492CDCACE3E}.Debug|iPhone.Deploy.0 = Debug|Any CPU
		{99377812-D63A-4DA1-A0D1-4492CDCACE3E}.Debug|iPhoneSimulator.ActiveCfg = Debug|Any CPU
		{99377812-D63A-4DA1-A0D1-4492CDCACE3E}.Debug|iPhoneSimulator.Build.0 = Debug|Any CPU
		{99377812-D63A-4DA1-A0D1-4492CDCACE3E}.Debug|iPhoneSimulator.Deploy.0 = Debug|Any CPU
		{99377812-D63A-4DA1-A0D1-4492CDCACE3E}.Release|Any CPU.ActiveCfg = Release|Any CPU
		{99377812-D63A-4DA1-A0D1-4492CDCACE3E}.Release|Any CPU.Build.0 = Release|Any CPU
		{99377812-D63A-4DA1-A0D1-4492CDCACE3E}.Release|Any CPU.Deploy.0 = Release|Any CPU
		{99377812-D63A-4DA1-A0D1-4492CDCACE3E}.Release|iPhone.ActiveCfg = Release|Any CPU
		{99377812-D63A-4DA1-A0D1-4492CDCACE3E}.Release|iPhone.Build.0 = Release|Any CPU
		{99377812-D63A-4DA1-A0D1-4492CDCACE3E}.Release|iPhone.Deploy.0 = Release|Any CPU
		{99377812-D63A-4DA1-A0D1-4492CDCACE3E}.Release|iPhoneSimulator.ActiveCfg = Release|Any CPU
		{99377812-D63A-4DA1-A0D1-4492CDCACE3E}.Release|iPhoneSimulator.Build.0 = Release|Any CPU
		{99377812-D63A-4DA1-A0D1-4492CDCACE3E}.Release|iPhoneSimulator.Deploy.0 = Release|Any CPU
	EndGlobalSection
	GlobalSection(SolutionProperties) = preSolution
		HideSolutionNode = FALSE
	EndGlobalSection
	GlobalSection(ExtensibilityGlobals) = postSolution
		SolutionGuid = {80C76E15-06B8-4A7A-9629-1EC36CCCCB86}
	EndGlobalSection
EndGlobal
